{
  "name": "flup-applet",
  "lockfileVersion": 2,
  "requires": true,
  "packages": {
    "": {
      "dependencies": {
        "@tencentcloud/call-uikit-wechat": "^2.1.8",
        "@tencentcloud/chat": "^3.3.5",
        "@tencentcloud/chat-uikit-engine": "^0.1.5",
        "@vant/weapp": "^1.11.1",
        "tim-profanity-filter-plugin": "^1.0.0",
        "tim-upload-plugin": "^1.3.0"
      }
    },
    "node_modules/@tencentcloud/call-uikit-wechat": {
      "version": "2.1.8",
      "resolved": "https://registry.npmmirror.com/@tencentcloud/call-uikit-wechat/-/call-uikit-wechat-2.1.8.tgz",
      "integrity": "sha512-3xP4dWXIdCkZxGuhS3kXkMfwKAwie3K0IqzCBli4QwdY6ZiXtX9L80vsvYxhNDDIlWaswbroe0IuYdwjFRtsyw==",
      "dependencies": {
        "@tencentcloud/tui-core": "latest",
        "tuicall-engine-wx": "latest"
      }
    },
    "node_modules/@tencentcloud/call-uikit-wechat/node_modules/@tencentcloud/chat": {
      "version": "3.4.0",
      "resolved": "https://registry.npmjs.org/@tencentcloud/chat/-/chat-3.4.0.tgz",
      "integrity": "sha512-kAt3kliJLU3/z9Ex0PjannjBE2i/1ohJRdTBD/PdbXSVFxy/00erlo7IPdMFGwJLiF3hy0ubDab81TecROt8hQ=="
    },
    "node_modules/@tencentcloud/call-uikit-wechat/node_modules/@tencentcloud/tui-core": {
      "version": "2.2.2",
      "resolved": "https://registry.npmjs.org/@tencentcloud/tui-core/-/tui-core-2.2.2.tgz",
      "integrity": "sha512-C4paX2DiogsE4mQZdB53ibyb26Ts4cibC6t9uPhKCr3pquZTJ18Dgd5WNihxh2haCXMHKa5uHrhI5NPOHvuD5g==",
      "dependencies": {
        "@tencentcloud/chat": "latest",
        "tim-profanity-filter-plugin": "latest",
        "tim-upload-plugin": "latest"
      }
    },
    "node_modules/@tencentcloud/call-uikit-wechat/node_modules/tim-profanity-filter-plugin": {
      "version": "1.1.0",
      "resolved": "https://registry.npmjs.org/tim-profanity-filter-plugin/-/tim-profanity-filter-plugin-1.1.0.tgz",
      "integrity": "sha512-+49p+n5LJs18rSPBvJFyq/m6ib8wiXvPEx2/Sz3M7hhDXAz69WuZ8cB/painNrN0MKAETf6G5cWa6xtVZfAK7A=="
    },
    "node_modules/@tencentcloud/call-uikit-wechat/node_modules/tim-upload-plugin": {
      "version": "1.3.0",
      "resolved": "https://registry.npmjs.org/tim-upload-plugin/-/tim-upload-plugin-1.3.0.tgz",
      "integrity": "sha512-meoGeB3vOs3FvtBh+ik7zlOj8C03tC6MZEkjc8BKYvgTrCzBWVDXZi9a3X8AM/YtoyuTaeLuEmaLQj1O/5luuw=="
    },
    "node_modules/@tencentcloud/call-uikit-wechat/node_modules/trtc-wx-sdk": {
      "version": "1.1.11",
      "resolved": "https://registry.npmjs.org/trtc-wx-sdk/-/trtc-wx-sdk-1.1.11.tgz",
      "integrity": "sha512-bc199Q4Abj+Iw96UQHuMVtHo06CBAZsKdeyMwTHO35MsdzMDoMQJXtp7NPEx4vqQ4Sk9iZAZh+/WUZz86wPOBw=="
    },
    "node_modules/@tencentcloud/call-uikit-wechat/node_modules/tuicall-engine-wx": {
      "version": "2.2.1",
      "resolved": "https://registry.npmjs.org/tuicall-engine-wx/-/tuicall-engine-wx-2.2.1.tgz",
      "integrity": "sha512-NPDLmTPR/KTjV5OYzuZBValtJTwUOcQB8Zj0qIWRk0XjiUGzBawN69PeTwcjk0SR9Yqy/b5VNWfWO4glb+nTWg==",
      "dependencies": {
        "@tencentcloud/chat": "latest",
        "trtc-wx-sdk": "latest"
      }
    },
    "node_modules/@tencentcloud/chat": {
      "version": "3.3.5",
      "resolved": "https://registry.npmmirror.com/@tencentcloud/chat/-/chat-3.3.5.tgz",
      "integrity": "sha512-KqUw+DHFgDMkIzyWuDV21OhA2cxl+qtSvrosEmqH7UKk5a/dFt7BM7eVKwPXMPIUjJ/qXzOnzqRCdoCV7+wl2w=="
    },
    "node_modules/@tencentcloud/chat-uikit-engine": {
      "version": "0.1.5",
      "resolved": "https://registry.npmjs.org/@tencentcloud/chat-uikit-engine/-/chat-uikit-engine-0.1.5.tgz",
      "integrity": "sha512-jMRYHr/Sc/5S4RON9wItT/M4VimYdLymWTkHZvgToDEU8YrsybJe3noG51rmvKll1cLvhwi1E8rLRRlkRY8gZQ==",
      "dependencies": {
        "@tencentcloud/chat": "latest",
        "tim-profanity-filter-plugin": "^0.9.0",
        "tim-upload-plugin": "^1.2.0"
      }
    },
    "node_modules/@tencentcloud/chat-uikit-engine/node_modules/@tencentcloud/chat": {
      "version": "3.4.0",
      "resolved": "https://registry.npmjs.org/@tencentcloud/chat/-/chat-3.4.0.tgz",
      "integrity": "sha512-kAt3kliJLU3/z9Ex0PjannjBE2i/1ohJRdTBD/PdbXSVFxy/00erlo7IPdMFGwJLiF3hy0ubDab81TecROt8hQ=="
    },
    "node_modules/@tencentcloud/chat-uikit-engine/node_modules/tim-profanity-filter-plugin": {
      "version": "0.9.0",
      "resolved": "https://registry.npmjs.org/tim-profanity-filter-plugin/-/tim-profanity-filter-plugin-0.9.0.tgz",
      "integrity": "sha512-SDlV3nJfOyohjg4stPMQDZ893WVgvlSwnSqY8hQhbcj80K+joFfeyRKKEkuRhvYWR0f2kn4MM1E0spnQjKN5bg=="
    },
    "node_modules/@vant/weapp": {
      "version": "1.11.1",
      "resolved": "https://registry.npmjs.org/@vant/weapp/-/weapp-1.11.1.tgz",
      "integrity": "sha512-2QddSq3MsozbTBAgEmW1rhzsEJNWPF2VS427M5pOOn0a7/f6lW+tymwdTcOQCzQONavhFwBv6Lebbs/UjE3Yig=="
    },
    "node_modules/tim-profanity-filter-plugin": {
      "version": "1.0.0",
      "resolved": "https://registry.npmjs.org/tim-profanity-filter-plugin/-/tim-profanity-filter-plugin-1.0.0.tgz",
      "integrity": "sha512-8WJ12au6ZPVrR2ut0d7Qwp7q1Ul4dvVh4+jmJvqbBU1Hge6qYgiP8VrzIzCMSEIQZEVy9X5XcAsRF2xg9A6UAQ=="
    },
    "node_modules/tim-upload-plugin": {
      "version": "1.3.0",
      "resolved": "https://registry.npmjs.org/tim-upload-plugin/-/tim-upload-plugin-1.3.0.tgz",
      "integrity": "sha512-meoGeB3vOs3FvtBh+ik7zlOj8C03tC6MZEkjc8BKYvgTrCzBWVDXZi9a3X8AM/YtoyuTaeLuEmaLQj1O/5luuw=="
    }
  },
  "dependencies": {
    "@tencentcloud/call-uikit-wechat": {
      "version": "2.1.8",
      "resolved": "https://registry.npmmirror.com/@tencentcloud/call-uikit-wechat/-/call-uikit-wechat-2.1.8.tgz",
      "integrity": "sha512-3xP4dWXIdCkZxGuhS3kXkMfwKAwie3K0IqzCBli4QwdY6ZiXtX9L80vsvYxhNDDIlWaswbroe0IuYdwjFRtsyw==",
      "requires": {
        "@tencentcloud/tui-core": "latest",
        "tuicall-engine-wx": "latest"
      },
      "dependencies": {
        "@tencentcloud/chat": {
          "version": "3.4.0",
          "resolved": "https://registry.npmjs.org/@tencentcloud/chat/-/chat-3.4.0.tgz",
          "integrity": "sha512-kAt3kliJLU3/z9Ex0PjannjBE2i/1ohJRdTBD/PdbXSVFxy/00erlo7IPdMFGwJLiF3hy0ubDab81TecROt8hQ=="
        },
        "@tencentcloud/tui-core": {
          "version": "2.2.2",
          "resolved": "https://registry.npmjs.org/@tencentcloud/tui-core/-/tui-core-2.2.2.tgz",
          "integrity": "sha512-C4paX2DiogsE4mQZdB53ibyb26Ts4cibC6t9uPhKCr3pquZTJ18Dgd5WNihxh2haCXMHKa5uHrhI5NPOHvuD5g==",
          "requires": {
            "@tencentcloud/chat": "latest",
            "tim-profanity-filter-plugin": "latest",
            "tim-upload-plugin": "latest"
          }
        },
        "tim-profanity-filter-plugin": {
          "version": "1.1.0",
          "resolved": "https://registry.npmjs.org/tim-profanity-filter-plugin/-/tim-profanity-filter-plugin-1.1.0.tgz",
          "integrity": "sha512-+49p+n5LJs18rSPBvJFyq/m6ib8wiXvPEx2/Sz3M7hhDXAz69WuZ8cB/painNrN0MKAETf6G5cWa6xtVZfAK7A=="
        },
        "tim-upload-plugin": {
          "version": "1.3.0",
          "resolved": "https://registry.npmjs.org/tim-upload-plugin/-/tim-upload-plugin-1.3.0.tgz",
          "integrity": "sha512-meoGeB3vOs3FvtBh+ik7zlOj8C03tC6MZEkjc8BKYvgTrCzBWVDXZi9a3X8AM/YtoyuTaeLuEmaLQj1O/5luuw=="
        },
        "trtc-wx-sdk": {
          "version": "1.1.11",
          "resolved": "https://registry.npmjs.org/trtc-wx-sdk/-/trtc-wx-sdk-1.1.11.tgz",
          "integrity": "sha512-bc199Q4Abj+Iw96UQHuMVtHo06CBAZsKdeyMwTHO35MsdzMDoMQJXtp7NPEx4vqQ4Sk9iZAZh+/WUZz86wPOBw=="
        },
        "tuicall-engine-wx": {
          "version": "2.2.1",
          "resolved": "https://registry.npmjs.org/tuicall-engine-wx/-/tuicall-engine-wx-2.2.1.tgz",
          "integrity": "sha512-NPDLmTPR/KTjV5OYzuZBValtJTwUOcQB8Zj0qIWRk0XjiUGzBawN69PeTwcjk0SR9Yqy/b5VNWfWO4glb+nTWg==",
          "requires": {
            "@tencentcloud/chat": "latest",
            "trtc-wx-sdk": "latest"
          }
        }
      }
    },
    "@tencentcloud/chat": {
      "version": "3.3.5",
      "resolved": "https://registry.npmmirror.com/@tencentcloud/chat/-/chat-3.3.5.tgz",
      "integrity": "sha512-KqUw+DHFgDMkIzyWuDV21OhA2cxl+qtSvrosEmqH7UKk5a/dFt7BM7eVKwPXMPIUjJ/qXzOnzqRCdoCV7+wl2w=="
    },
    "@tencentcloud/chat-uikit-engine": {
      "version": "0.1.5",
      "resolved": "https://registry.npmjs.org/@tencentcloud/chat-uikit-engine/-/chat-uikit-engine-0.1.5.tgz",
      "integrity": "sha512-jMRYHr/Sc/5S4RON9wItT/M4VimYdLymWTkHZvgToDEU8YrsybJe3noG51rmvKll1cLvhwi1E8rLRRlkRY8gZQ==",
      "requires": {
        "@tencentcloud/chat": "latest",
        "tim-profanity-filter-plugin": "^0.9.0",
        "tim-upload-plugin": "^1.2.0"
      },
      "dependencies": {
        "@tencentcloud/chat": {
          "version": "3.4.0",
          "resolved": "https://registry.npmjs.org/@tencentcloud/chat/-/chat-3.4.0.tgz",
          "integrity": "sha512-kAt3kliJLU3/z9Ex0PjannjBE2i/1ohJRdTBD/PdbXSVFxy/00erlo7IPdMFGwJLiF3hy0ubDab81TecROt8hQ=="
        },
        "tim-profanity-filter-plugin": {
          "version": "0.9.0",
          "resolved": "https://registry.npmjs.org/tim-profanity-filter-plugin/-/tim-profanity-filter-plugin-0.9.0.tgz",
          "integrity": "sha512-SDlV3nJfOyohjg4stPMQDZ893WVgvlSwnSqY8hQhbcj80K+joFfeyRKKEkuRhvYWR0f2kn4MM1E0spnQjKN5bg=="
        }
      }
    },
    "@vant/weapp": {
      "version": "1.11.1",
      "resolved": "https://registry.npmjs.org/@vant/weapp/-/weapp-1.11.1.tgz",
      "integrity": "sha512-2QddSq3MsozbTBAgEmW1rhzsEJNWPF2VS427M5pOOn0a7/f6lW+tymwdTcOQCzQONavhFwBv6Lebbs/UjE3Yig=="
    },
    "tim-profanity-filter-plugin": {
      "version": "1.0.0",
      "resolved": "https://registry.npmjs.org/tim-profanity-filter-plugin/-/tim-profanity-filter-plugin-1.0.0.tgz",
      "integrity": "sha512-8WJ12au6ZPVrR2ut0d7Qwp7q1Ul4dvVh4+jmJvqbBU1Hge6qYgiP8VrzIzCMSEIQZEVy9X5XcAsRF2xg9A6UAQ=="
    },
    "tim-upload-plugin": {
      "version": "1.3.0",
      "resolved": "https://registry.npmjs.org/tim-upload-plugin/-/tim-upload-plugin-1.3.0.tgz",
      "integrity": "sha512-meoGeB3vOs3FvtBh+ik7zlOj8C03tC6MZEkjc8BKYvgTrCzBWVDXZi9a3X8AM/YtoyuTaeLuEmaLQj1O/5luuw=="
    }
  }
}
